// !$*UTF8*$!
{
	archiveVersion = 1;
	classes = {
	};
	objectVersion = 56;
	objects = {

/* Begin PBXBuildFile section */
		63A2109128FB6E5B00622DAE /* ThemeStyleApp.swift in Sources */ = {isa = PBXBuildFile; fileRef = 63A2109028FB6E5B00622DAE /* ThemeStyleApp.swift */; };
		63A2109328FB6E5B00622DAE /* ContentView.swift in Sources */ = {isa = PBXBuildFile; fileRef = 63A2109228FB6E5B00622DAE /* ContentView.swift */; };
		63A2109528FB6E5D00622DAE /* Assets.xcassets in Resources */ = {isa = PBXBuildFile; fileRef = 63A2109428FB6E5D00622DAE /* Assets.xcassets */; };
		63A2109928FB6E5D00622DAE /* Preview Assets.xcassets in Resources */ = {isa = PBXBuildFile; fileRef = 63A2109828FB6E5D00622DAE /* Preview Assets.xcassets */; };
		63A210A028FB6EA000622DAE /* EnumStyle.swift in Sources */ = {isa = PBXBuildFile; fileRef = 63A2109F28FB6EA000622DAE /* EnumStyle.swift */; };
		63A210A328FB6EF500622DAE /* EnumStyleSheetView.swift in Sources */ = {isa = PBXBuildFile; fileRef = 63A210A228FB6EF500622DAE /* EnumStyleSheetView.swift */; };
		63A210A728FB71DB00622DAE /* ThemeEnvironmentKey.swift in Sources */ = {isa = PBXBuildFile; fileRef = 63A210A628FB71DB00622DAE /* ThemeEnvironmentKey.swift */; };
		63A210A928FB720E00622DAE /* EnvironmentValues+Extensions.swift in Sources */ = {isa = PBXBuildFile; fileRef = 63A210A828FB720E00622DAE /* EnvironmentValues+Extensions.swift */; };
		63A210AB28FB737300622DAE /* Theme.swift in Sources */ = {isa = PBXBuildFile; fileRef = 63A210AA28FB737300622DAE /* Theme.swift */; };
		63A210AD28FB740900622DAE /* View+Extensions.swift in Sources */ = {isa = PBXBuildFile; fileRef = 63A210AC28FB740900622DAE /* View+Extensions.swift */; };
		63A210B028FB7C7A00622DAE /* ColorTheme.swift in Sources */ = {isa = PBXBuildFile; fileRef = 63A210AF28FB7C7A00622DAE /* ColorTheme.swift */; };
		63A210B228FB86D900622DAE /* ParameterPassedContentView.swift in Sources */ = {isa = PBXBuildFile; fileRef = 63A210B128FB86D900622DAE /* ParameterPassedContentView.swift */; };
/* End PBXBuildFile section */

/* Begin PBXFileReference section */
		63A2108D28FB6E5B00622DAE /* ThemeStyle.app */ = {isa = PBXFileReference; explicitFileType = wrapper.application; includeInIndex = 0; path = ThemeStyle.app; sourceTree = BUILT_PRODUCTS_DIR; };
		63A2109028FB6E5B00622DAE /* ThemeStyleApp.swift */ = {isa = PBXFileReference; lastKnownFileType = sourcecode.swift; path = ThemeStyleApp.swift; sourceTree = "<group>"; };
		63A2109228FB6E5B00622DAE /* ContentView.swift */ = {isa = PBXFileReference; lastKnownFileType = sourcecode.swift; path = ContentView.swift; sourceTree = "<group>"; };
		63A2109428FB6E5D00622DAE /* Assets.xcassets */ = {isa = PBXFileReference; lastKnownFileType = folder.assetcatalog; path = Assets.xcassets; sourceTree = "<group>"; };
		63A2109628FB6E5D00622DAE /* ThemeStyle.entitlements */ = {isa = PBXFileReference; lastKnownFileType = text.plist.entitlements; path = ThemeStyle.entitlements; sourceTree = "<group>"; };
		63A2109828FB6E5D00622DAE /* Preview Assets.xcassets */ = {isa = PBXFileReference; lastKnownFileType = folder.assetcatalog; path = "Preview Assets.xcassets"; sourceTree = "<group>"; };
		63A2109F28FB6EA000622DAE /* EnumStyle.swift */ = {isa = PBXFileReference; lastKnownFileType = sourcecode.swift; path = EnumStyle.swift; sourceTree = "<group>"; };
		63A210A228FB6EF500622DAE /* EnumStyleSheetView.swift */ = {isa = PBXFileReference; lastKnownFileType = sourcecode.swift; path = EnumStyleSheetView.swift; sourceTree = "<group>"; };
		63A210A628FB71DB00622DAE /* ThemeEnvironmentKey.swift */ = {isa = PBXFileReference; lastKnownFileType = sourcecode.swift; path = ThemeEnvironmentKey.swift; sourceTree = "<group>"; };
		63A210A828FB720E00622DAE /* EnvironmentValues+Extensions.swift */ = {isa = PBXFileReference; lastKnownFileType = sourcecode.swift; path = "EnvironmentValues+Extensions.swift"; sourceTree = "<group>"; };
		63A210AA28FB737300622DAE /* Theme.swift */ = {isa = PBXFileReference; lastKnownFileType = sourcecode.swift; path = Theme.swift; sourceTree = "<group>"; };
		63A210AC28FB740900622DAE /* View+Extensions.swift */ = {isa = PBXFileReference; lastKnownFileType = sourcecode.swift; path = "View+Extensions.swift"; sourceTree = "<group>"; };
		63A210AF28FB7C7A00622DAE /* ColorTheme.swift */ = {isa = PBXFileReference; lastKnownFileType = sourcecode.swift; path = ColorTheme.swift; sourceTree = "<group>"; };
		63A210B128FB86D900622DAE /* ParameterPassedContentView.swift */ = {isa = PBXFileReference; lastKnownFileType = sourcecode.swift; path = ParameterPassedContentView.swift; sourceTree = "<group>"; };
/* End PBXFileReference section */

/* Begin PBXFrameworksBuildPhase section */
		63A2108A28FB6E5B00622DAE /* Frameworks */ = {
			isa = PBXFrameworksBuildPhase;
			buildActionMask = 2147483647;
			files = (
			);
			runOnlyForDeploymentPostprocessing = 0;
		};
/* End PBXFrameworksBuildPhase section */

/* Begin PBXGroup section */
		63A2108428FB6E5B00622DAE = {
			isa = PBXGroup;
			children = (
				63A2108F28FB6E5B00622DAE /* ThemeStyle */,
				63A2108E28FB6E5B00622DAE /* Products */,
			);
			sourceTree = "<group>";
		};
		63A2108E28FB6E5B00622DAE /* Products */ = {
			isa = PBXGroup;
			children = (
				63A2108D28FB6E5B00622DAE /* ThemeStyle.app */,
			);
			name = Products;
			sourceTree = "<group>";
		};
		63A2108F28FB6E5B00622DAE /* ThemeStyle */ = {
			isa = PBXGroup;
			children = (
				63A2109028FB6E5B00622DAE /* ThemeStyleApp.swift */,
				63A2109228FB6E5B00622DAE /* ContentView.swift */,
				63A210A128FB6EBF00622DAE /* Theme */,
				63A210B328FB941700622DAE /* ParameterPassed */,
				63A210AE28FB7B7000622DAE /* Enum-Style */,
				63A2109428FB6E5D00622DAE /* Assets.xcassets */,
				63A2109628FB6E5D00622DAE /* ThemeStyle.entitlements */,
				63A2109728FB6E5D00622DAE /* Preview Content */,
			);
			path = ThemeStyle;
			sourceTree = "<group>";
		};
		63A2109728FB6E5D00622DAE /* Preview Content */ = {
			isa = PBXGroup;
			children = (
				63A2109828FB6E5D00622DAE /* Preview Assets.xcassets */,
			);
			path = "Preview Content";
			sourceTree = "<group>";
		};
		63A210A128FB6EBF00622DAE /* Theme */ = {
			isa = PBXGroup;
			children = (
				63A210AF28FB7C7A00622DAE /* ColorTheme.swift */,
				63A210AA28FB737300622DAE /* Theme.swift */,
				63A210A628FB71DB00622DAE /* ThemeEnvironmentKey.swift */,
				63A210A828FB720E00622DAE /* EnvironmentValues+Extensions.swift */,
				63A210AC28FB740900622DAE /* View+Extensions.swift */,
			);
			path = Theme;
			sourceTree = "<group>";
		};
		63A210AE28FB7B7000622DAE /* Enum-Style */ = {
			isa = PBXGroup;
			children = (
				63A210A228FB6EF500622DAE /* EnumStyleSheetView.swift */,
				63A2109F28FB6EA000622DAE /* EnumStyle.swift */,
			);
			path = "Enum-Style";
			sourceTree = "<group>";
		};
		63A210B328FB941700622DAE /* ParameterPassed */ = {
			isa = PBXGroup;
			children = (
				63A210B128FB86D900622DAE /* ParameterPassedContentView.swift */,
			);
			path = ParameterPassed;
			sourceTree = "<group>";
		};
/* End PBXGroup section */

/* Begin PBXNativeTarget section */
		63A2108C28FB6E5B00622DAE /* ThemeStyle */ = {
			isa = PBXNativeTarget;
			buildConfigurationList = 63A2109C28FB6E5D00622DAE /* Build configuration list for PBXNativeTarget "ThemeStyle" */;
			buildPhases = (
				63A2108928FB6E5B00622DAE /* Sources */,
				63A2108A28FB6E5B00622DAE /* Frameworks */,
				63A2108B28FB6E5B00622DAE /* Resources */,
			);
			buildRules = (
			);
			dependencies = (
			);
			name = ThemeStyle;
			productName = ThemeStyle;
			productReference = 63A2108D28FB6E5B00622DAE /* ThemeStyle.app */;
			productType = "com.apple.product-type.application";
		};
/* End PBXNativeTarget section */

/* Begin PBXProject section */
		63A2108528FB6E5B00622DAE /* Project object */ = {
			isa = PBXProject;
			attributes = {
				BuildIndependentTargetsInParallel = 1;
				LastSwiftUpdateCheck = 1410;
				LastUpgradeCheck = 1410;
				TargetAttributes = {
					63A2108C28FB6E5B00622DAE = {
						CreatedOnToolsVersion = 14.1;
					};
				};
			};
			buildConfigurationList = 63A2108828FB6E5B00622DAE /* Build configuration list for PBXProject "ThemeStyle" */;
			compatibilityVersion = "Xcode 14.0";
			developmentRegion = en;
			hasScannedForEncodings = 0;
			knownRegions = (
				en,
				Base,
			);
			mainGroup = 63A2108428FB6E5B00622DAE;
			productRefGroup = 63A2108E28FB6E5B00622DAE /* Products */;
			projectDirPath = "";
			projectRoot = "";
			targets = (
				63A2108C28FB6E5B00622DAE /* ThemeStyle */,
			);
		};
/* End PBXProject section */

/* Begin PBXResourcesBuildPhase section */
		63A2108B28FB6E5B00622DAE /* Resources */ = {
			isa = PBXResourcesBuildPhase;
			buildActionMask = 2147483647;
			files = (
				63A2109928FB6E5D00622DAE /* Preview Assets.xcassets in Resources */,
				63A2109528FB6E5D00622DAE /* Assets.xcassets in Resources */,
			);
			runOnlyForDeploymentPostprocessing = 0;
		};
/* End PBXResourcesBuildPhase section */

/* Begin PBXSourcesBuildPhase section */
		63A2108928FB6E5B00622DAE /* Sources */ = {
			isa = PBXSourcesBuildPhase;
			buildActionMask = 2147483647;
			files = (
				63A210A328FB6EF500622DAE /* EnumStyleSheetView.swift in Sources */,
				63A210AD28FB740900622DAE /* View+Extensions.swift in Sources */,
				63A210A928FB720E00622DAE /* EnvironmentValues+Extensions.swift in Sources */,
				63A210A728FB71DB00622DAE /* ThemeEnvironmentKey.swift in Sources */,
				63A210B228FB86D900622DAE /* ParameterPassedContentView.swift in Sources */,
				63A2109328FB6E5B00622DAE /* ContentView.swift in Sources */,
				63A2109128FB6E5B00622DAE /* ThemeStyleApp.swift in Sources */,
				63A210A028FB6EA000622DAE /* EnumStyle.swift in Sources */,
				63A210AB28FB737300622DAE /* Theme.swift in Sources */,
				63A210B028FB7C7A00622DAE /* ColorTheme.swift in Sources */,
			);
			runOnlyForDeploymentPostprocessing = 0;
		};
/* End PBXSourcesBuildPhase section */

/* Begin XCBuildConfiguration section */
		63A2109A28FB6E5D00622DAE /* Debug */ = {
			isa = XCBuildConfiguration;
			buildSettings = {
				ALWAYS_SEARCH_USER_PATHS = NO;
				CLANG_ANALYZER_NONNULL = YES;
				CLANG_ANALYZER_NUMBER_OBJECT_CONVERSION = YES_AGGRESSIVE;
				CLANG_CXX_LANGUAGE_STANDARD = "gnu++20";
				CLANG_ENABLE_MODULES = YES;
				CLANG_ENABLE_OBJC_ARC = YES;
				CLANG_ENABLE_OBJC_WEAK = YES;
				CLANG_WARN_BLOCK_CAPTURE_AUTORELEASING = YES;
				CLANG_WARN_BOOL_CONVERSION = YES;
				CLANG_WARN_COMMA = YES;
				CLANG_WARN_CONSTANT_CONVERSION = YES;
				CLANG_WARN_DEPRECATED_OBJC_IMPLEMENTATIONS = YES;
				CLANG_WARN_DIRECT_OBJC_ISA_USAGE = YES_ERROR;
				CLANG_WARN_DOCUMENTATION_COMMENTS = YES;
				CLANG_WARN_EMPTY_BODY = YES;
				CLANG_WARN_ENUM_CONVERSION = YES;
				CLANG_WARN_INFINITE_RECURSION = YES;
				CLANG_WARN_INT_CONVERSION = YES;
				CLANG_WARN_NON_LITERAL_NULL_CONVERSION = YES;
				CLANG_WARN_OBJC_IMPLICIT_RETAIN_SELF = YES;
				CLANG_WARN_OBJC_LITERAL_CONVERSION = YES;
				CLANG_WARN_OBJC_ROOT_CLASS = YES_ERROR;
				CLANG_WARN_QUOTED_INCLUDE_IN_FRAMEWORK_HEADER = YES;
				CLANG_WARN_RANGE_LOOP_ANALYSIS = YES;
				CLANG_WARN_STRICT_PROTOTYPES = YES;
				CLANG_WARN_SUSPICIOUS_MOVE = YES;
				CLANG_WARN_UNGUARDED_AVAILABILITY = YES_AGGRESSIVE;
				CLANG_WARN_UNREACHABLE_CODE = YES;
				CLANG_WARN__DUPLICATE_METHOD_MATCH = YES;
				COPY_PHASE_STRIP = NO;
				DEBUG_INFORMATION_FORMAT = dwarf;
				ENABLE_STRICT_OBJC_MSGSEND = YES;
				ENABLE_TESTABILITY = YES;
				GCC_C_LANGUAGE_STANDARD = gnu11;
				GCC_DYNAMIC_NO_PIC = NO;
				GCC_NO_COMMON_BLOCKS = YES;
				GCC_OPTIMIZATION_LEVEL = 0;
				GCC_PREPROCESSOR_DEFINITIONS = (
					"DEBUG=1",
					"$(inherited)",
				);
				GCC_WARN_64_TO_32_BIT_CONVERSION = YES;
				GCC_WARN_ABOUT_RETURN_TYPE = YES_ERROR;
				GCC_WARN_UNDECLARED_SELECTOR = YES;
				GCC_WARN_UNINITIALIZED_AUTOS = YES_AGGRESSIVE;
				GCC_WARN_UNUSED_FUNCTION = YES;
				GCC_WARN_UNUSED_VARIABLE = YES;
				MTL_ENABLE_DEBUG_INFO = INCLUDE_SOURCE;
				MTL_FAST_MATH = YES;
				ONLY_ACTIVE_ARCH = YES;
				SWIFT_ACTIVE_COMPILATION_CONDITIONS = DEBUG;
				SWIFT_OPTIMIZATION_LEVEL = "-Onone";
			};
			name = Debug;
		};
		63A2109B28FB6E5D00622DAE /* Release */ = {
			isa = XCBuildConfiguration;
			buildSettings = {
				ALWAYS_SEARCH_USER_PATHS = NO;
				CLANG_ANALYZER_NONNULL = YES;
				CLANG_ANALYZER_NUMBER_OBJECT_CONVERSION = YES_AGGRESSIVE;
				CLANG_CXX_LANGUAGE_STANDARD = "gnu++20";
				CLANG_ENABLE_MODULES = YES;
				CLANG_ENABLE_OBJC_ARC = YES;
				CLANG_ENABLE_OBJC_WEAK = YES;
				CLANG_WARN_BLOCK_CAPTURE_AUTORELEASING = YES;
				CLANG_WARN_BOOL_CONVERSION = YES;
				CLANG_WARN_COMMA = YES;
				CLANG_WARN_CONSTANT_CONVERSION = YES;
				CLANG_WARN_DEPRECATED_OBJC_IMPLEMENTATIONS = YES;
				CLANG_WARN_DIRECT_OBJC_ISA_USAGE = YES_ERROR;
				CLANG_WARN_DOCUMENTATION_COMMENTS = YES;
				CLANG_WARN_EMPTY_BODY = YES;
				CLANG_WARN_ENUM_CONVERSION = YES;
				CLANG_WARN_INFINITE_RECURSION = YES;
				CLANG_WARN_INT_CONVERSION = YES;
				CLANG_WARN_NON_LITERAL_NULL_CONVERSION = YES;
				CLANG_WARN_OBJC_IMPLICIT_RETAIN_SELF = YES;
				CLANG_WARN_OBJC_LITERAL_CONVERSION = YES;
				CLANG_WARN_OBJC_ROOT_CLASS = YES_ERROR;
				CLANG_WARN_QUOTED_INCLUDE_IN_FRAMEWORK_HEADER = YES;
				CLANG_WARN_RANGE_LOOP_ANALYSIS = YES;
				CLANG_WARN_STRICT_PROTOTYPES = YES;
				CLANG_WARN_SUSPICIOUS_MOVE = YES;
				CLANG_WARN_UNGUARDED_AVAILABILITY = YES_AGGRESSIVE;
				CLANG_WARN_UNREACHABLE_CODE = YES;
				CLANG_WARN__DUPLICATE_METHOD_MATCH = YES;
				COPY_PHASE_STRIP = NO;
				DEBUG_INFORMATION_FORMAT = "dwarf-with-dsym";
				ENABLE_NS_ASSERTIONS = NO;
				ENABLE_STRICT_OBJC_MSGSEND = YES;
				GCC_C_LANGUAGE_STANDARD = gnu11;
				GCC_NO_COMMON_BLOCKS = YES;
				GCC_WARN_64_TO_32_BIT_CONVERSION = YES;
				GCC_WARN_ABOUT_RETURN_TYPE = YES_ERROR;
				GCC_WARN_UNDECLARED_SELECTOR = YES;
				GCC_WARN_UNINITIALIZED_AUTOS = YES_AGGRESSIVE;
				GCC_WARN_UNUSED_FUNCTION = YES;
				GCC_WARN_UNUSED_VARIABLE = YES;
				MTL_ENABLE_DEBUG_INFO = NO;
				MTL_FAST_MATH = YES;
				SWIFT_COMPILATION_MODE = wholemodule;
				SWIFT_OPTIMIZATION_LEVEL = "-O";
			};
			name = Release;
		};
		63A2109D28FB6E5D00622DAE /* Debug */ = {
			isa = XCBuildConfiguration;
			buildSettings = {
				ASSETCATALOG_COMPILER_APPICON_NAME = AppIcon;
				ASSETCATALOG_COMPILER_GLOBAL_ACCENT_COLOR_NAME = AccentColor;
				CODE_SIGN_ENTITLEMENTS = ThemeStyle/ThemeStyle.entitlements;
				CODE_SIGN_STYLE = Automatic;
				CURRENT_PROJECT_VERSION = 1;
				DEVELOPMENT_ASSET_PATHS = "\"ThemeStyle/Preview Content\"";
				DEVELOPMENT_TEAM = 99568KA9SE;
				ENABLE_HARDENED_RUNTIME = YES;
				ENABLE_PREVIEWS = YES;
				GENERATE_INFOPLIST_FILE = YES;
				"INFOPLIST_KEY_UIApplicationSceneManifest_Generation[sdk=iphoneos*]" = YES;
				"INFOPLIST_KEY_UIApplicationSceneManifest_Generation[sdk=iphonesimulator*]" = YES;
				"INFOPLIST_KEY_UIApplicationSupportsIndirectInputEvents[sdk=iphoneos*]" = YES;
				"INFOPLIST_KEY_UIApplicationSupportsIndirectInputEvents[sdk=iphonesimulator*]" = YES;
				"INFOPLIST_KEY_UILaunchScreen_Generation[sdk=iphoneos*]" = YES;
				"INFOPLIST_KEY_UILaunchScreen_Generation[sdk=iphonesimulator*]" = YES;
				"INFOPLIST_KEY_UIStatusBarStyle[sdk=iphoneos*]" = UIStatusBarStyleDefault;
				"INFOPLIST_KEY_UIStatusBarStyle[sdk=iphonesimulator*]" = UIStatusBarStyleDefault;
				INFOPLIST_KEY_UISupportedInterfaceOrientations_iPad = "UIInterfaceOrientationPortrait UIInterfaceOrientationPortraitUpsideDown UIInterfaceOrientationLandscapeLeft UIInterfaceOrientationLandscapeRight";
				INFOPLIST_KEY_UISupportedInterfaceOrientations_iPhone = "UIInterfaceOrientationPortrait UIInterfaceOrientationLandscapeLeft UIInterfaceOrientationLandscapeRight";
				IPHONEOS_DEPLOYMENT_TARGET = 16.1;
				LD_RUNPATH_SEARCH_PATHS = "@executable_path/Frameworks";
				"LD_RUNPATH_SEARCH_PATHS[sdk=macosx*]" = "@executable_path/../Frameworks";
				MACOSX_DEPLOYMENT_TARGET = 12.6;
				MARKETING_VERSION = 1.0;
				PRODUCT_BUNDLE_IDENTIFIER = com.LifeWorksIQ.ThemeStyle;
				PRODUCT_NAME = "$(TARGET_NAME)";
				SDKROOT = auto;
				SUPPORTED_PLATFORMS = "iphoneos iphonesimulator macosx";
				SWIFT_EMIT_LOC_STRINGS = YES;
				SWIFT_VERSION = 5.0;
				TARGETED_DEVICE_FAMILY = "1,2";
			};
			name = Debug;
		};
		63A2109E28FB6E5D00622DAE /* Release */ = {
			isa = XCBuildConfiguration;
			buildSettings = {
				ASSETCATALOG_COMPILER_APPICON_NAME = AppIcon;
				ASSETCATALOG_COMPILER_GLOBAL_ACCENT_COLOR_NAME = AccentColor;
				CODE_SIGN_ENTITLEMENTS = ThemeStyle/ThemeStyle.entitlements;
				CODE_SIGN_STYLE = Automatic;
				CURRENT_PROJECT_VERSION = 1;
				DEVELOPMENT_ASSET_PATHS = "\"ThemeStyle/Preview Content\"";
				DEVELOPMENT_TEAM = 99568KA9SE;
				ENABLE_HARDENED_RUNTIME = YES;
				ENABLE_PREVIEWS = YES;
				GENERATE_INFOPLIST_FILE = YES;
				"INFOPLIST_KEY_UIApplicationSceneManifest_Generation[sdk=iphoneos*]" = YES;
				"INFOPLIST_KEY_UIApplicationSceneManifest_Generation[sdk=iphonesimulator*]" = YES;
				"INFOPLIST_KEY_UIApplicationSupportsIndirectInputEvents[sdk=iphoneos*]" = YES;
				"INFOPLIST_KEY_UIApplicationSupportsIndirectInputEvents[sdk=iphonesimulator*]" = YES;
				"INFOPLIST_KEY_UILaunchScreen_Generation[sdk=iphoneos*]" = YES;
				"INFOPLIST_KEY_UILaunchScreen_Generation[sdk=iphonesimulator*]" = YES;
				"INFOPLIST_KEY_UIStatusBarStyle[sdk=iphoneos*]" = UIStatusBarStyleDefault;
				"INFOPLIST_KEY_UIStatusBarStyle[sdk=iphonesimulator*]" = UIStatusBarStyleDefault;
				INFOPLIST_KEY_UISupportedInterfaceOrientations_iPad = "UIInterfaceOrientationPortrait UIInterfaceOrientationPortraitUpsideDown UIInterfaceOrientationLandscapeLeft UIInterfaceOrientationLandscapeRight";
				INFOPLIST_KEY_UISupportedInterfaceOrientations_iPhone = "UIInterfaceOrientationPortrait UIInterfaceOrientationLandscapeLeft UIInterfaceOrientationLandscapeRight";
				IPHONEOS_DEPLOYMENT_TARGET = 16.1;
				LD_RUNPATH_SEARCH_PATHS = "@executable_path/Frameworks";
				"LD_RUNPATH_SEARCH_PATHS[sdk=macosx*]" = "@executable_path/../Frameworks";
				MACOSX_DEPLOYMENT_TARGET = 12.6;
				MARKETING_VERSION = 1.0;
				PRODUCT_BUNDLE_IDENTIFIER = com.LifeWorksIQ.ThemeStyle;
				PRODUCT_NAME = "$(TARGET_NAME)";
				SDKROOT = auto;
				SUPPORTED_PLATFORMS = "iphoneos iphonesimulator macosx";
				SWIFT_EMIT_LOC_STRINGS = YES;
				SWIFT_VERSION = 5.0;
				TARGETED_DEVICE_FAMILY = "1,2";
			};
			name = Release;
		};
/* End XCBuildConfiguration section */

/* Begin XCConfigurationList section */
		63A2108828FB6E5B00622DAE /* Build configuration list for PBXProject "ThemeStyle" */ = {
			isa = XCConfigurationList;
			buildConfigurations = (
				63A2109A28FB6E5D00622DAE /* Debug */,
				63A2109B28FB6E5D00622DAE /* Release */,
			);
			defaultConfigurationIsVisible = 0;
			defaultConfigurationName = Release;
		};
		63A2109C28FB6E5D00622DAE /* Build configuration list for PBXNativeTarget "ThemeStyle" */ = {
			isa = XCConfigurationList;
			buildConfigurations = (
				63A2109D28FB6E5D00622DAE /* Debug */,
				63A2109E28FB6E5D00622DAE /* Release */,
			);
			defaultConfigurationIsVisible = 0;
			defaultConfigurationName = Release;
		};
/* End XCConfigurationList section */
	};
	rootObject = 63A2108528FB6E5B00622DAE /* Project object */;
}
